<?xml version="1.0" encoding="utf-8"?>
<Project ToolsVersion="4.0" xmlns="http://schemas.microsoft.com/developer/msbuild/2003">
  <ItemGroup>
    <Filter Include="Source Files">
      <UniqueIdentifier>{4FC737F1-C7A5-4376-A066-2A32D752A2FF}</UniqueIdentifier>
      <Extensions>cpp;c;cc;cxx;def;odl;idl;hpj;bat;asm;asmx</Extensions>
    </Filter>
    <Filter Include="Header Files">
      <UniqueIdentifier>{93995380-89BD-4b04-88EB-625FBE52EBFB}</UniqueIdentifier>
      <Extensions>h;hh;hpp;hxx;hm;inl;inc;ipp;xsd</Extensions>
    </Filter>
    <Filter Include="Resource Files">
      <UniqueIdentifier>{67DA6AB6-F800-4c08-8B7A-83BB121AAD01}</UniqueIdentifier>
      <Extensions>rc;ico;cur;bmp;dlg;rc2;rct;bin;rgs;gif;jpg;jpeg;jpe;resx;tiff;tif;png;wav;mfcribbon-ms</Extensions>
    </Filter>
    <Filter Include="Source Files\Externs">
      <UniqueIdentifier>{c3a2a5b8-7efb-4a80-bc93-0c2a6c7367f9}</UniqueIdentifier>
    </Filter>
    <Filter Include="Source Files\Scenes">
      <UniqueIdentifier>{055eeacb-f039-48c9-a2c6-87b881ce56e6}</UniqueIdentifier>
    </Filter>
    <Filter Include="Templates">
      <UniqueIdentifier>{c739d10c-f011-480c-b3ee-6c56628477c9}</UniqueIdentifier>
    </Filter>
    <Filter Include="Source Files\Scenes\Mainmenu">
      <UniqueIdentifier>{623913e3-e369-4e82-9128-3e63b387e1c7}</UniqueIdentifier>
    </Filter>
    <Filter Include="Source Files\Scenes\World1">
      <UniqueIdentifier>{903722d0-f5b2-451b-840c-de0017bd1bc8}</UniqueIdentifier>
    </Filter>
    <Filter Include="Header Files\Scenes">
      <UniqueIdentifier>{a60dcd9c-d437-47c4-9ebc-545e4e57580a}</UniqueIdentifier>
    </Filter>
    <Filter Include="Header Files\Scenes\World1">
      <UniqueIdentifier>{1e605c27-a1f0-40ff-9f23-2ddfb71a12e6}</UniqueIdentifier>
    </Filter>
  </ItemGroup>
  <ItemGroup>
    <ClCompile Include="main.cpp">
      <Filter>Source Files</Filter>
    </ClCompile>
    <ClCompile Include="application.cpp">
      <Filter>Source Files</Filter>
    </ClCompile>
    <ClCompile Include="applicationExtern.cpp">
      <Filter>Source Files\Externs</Filter>
    </ClCompile>
    <ClCompile Include="ecs.cpp">
      <Filter>Source Files</Filter>
    </ClCompile>
    <ClCompile Include="ecsExtern.cpp">
      <Filter>Source Files\Externs</Filter>
    </ClCompile>
    <ClCompile Include="scenetemplate.cpp">
      <Filter>Templates</Filter>
    </ClCompile>
    <ClCompile Include="scenemanager.cpp">
      <Filter>Source Files</Filter>
    </ClCompile>
    <ClCompile Include="canvas.cpp">
      <Filter>Source Files</Filter>
    </ClCompile>
    <ClCompile Include="rectanglebuffers.cpp">
      <Filter>Source Files</Filter>
    </ClCompile>
    <ClCompile Include="Scenes\mainmenu.cpp">
      <Filter>Source Files\Scenes\Mainmenu</Filter>
    </ClCompile>
    <ClCompile Include="scenedefaults.cpp">
      <Filter>Source Files</Filter>
    </ClCompile>
    <ClCompile Include="Scenes\World1_1.cpp">
      <Filter>Source Files\Scenes\World1</Filter>
    </ClCompile>
    <ClCompile Include="Scenes\World1_2.cpp">
      <Filter>Source Files\Scenes\World1</Filter>
    </ClCompile>
    <ClCompile Include="Scenes\World1_3.cpp">
      <Filter>Source Files\Scenes\World1</Filter>
    </ClCompile>
  </ItemGroup>
  <ItemGroup>
    <ClInclude Include="application.h">
      <Filter>Header Files</Filter>
    </ClInclude>
    <ClInclude Include="ecs.h">
      <Filter>Header Files</Filter>
    </ClInclude>
    <ClInclude Include="scenemanager.h">
      <Filter>Header Files</Filter>
    </ClInclude>
    <ClInclude Include="scenebase.h">
      <Filter>Header Files</Filter>
    </ClInclude>
    <ClInclude Include="scenetemplate.h">
      <Filter>Templates</Filter>
    </ClInclude>
    <ClInclude Include="canvas.h">
      <Filter>Header Files</Filter>
    </ClInclude>
    <ClInclude Include="rectanglebuffers.h">
      <Filter>Header Files</Filter>
    </ClInclude>
    <ClInclude Include="globalenums.h">
      <Filter>Header Files</Filter>
    </ClInclude>
    <ClInclude Include="Scenes\mainmenu.h">
      <Filter>Header Files</Filter>
    </ClInclude>
    <ClInclude Include="scenedefaults.h">
      <Filter>Header Files</Filter>
    </ClInclude>
    <ClInclude Include="Scenes\World1_1.h">
      <Filter>Header Files\Scenes\World1</Filter>
    </ClInclude>
    <ClInclude Include="Scenes\World1_2.h">
      <Filter>Header Files\Scenes\World1</Filter>
    </ClInclude>
    <ClInclude Include="Scenes\World1_3.h">
      <Filter>Header Files\Scenes\World1</Filter>
    </ClInclude>
  </ItemGroup>
</Project>